
Microsoft Visual Studio Solution File, Format Version 12.00
# Visual Studio Version 17
VisualStudioVersion = 17.4.33205.214
MinimumVisualStudioVersion = 10.0.40219.1
Project("{FAE04EC0-301F-11D3-BF4B-00C04F79EFBC}") = "SeleniuWalkThrough", "SeleniuWalkThrough\SeleniuWalkThrough.csproj", "{8E1AAE24-FA7F-4EE8-8230-E049A5D9367F}"
EndProject
Global
	GlobalSection(SolutionConfigurationPlatforms) = preSolution
		Debug|Any CPU = Debug|Any CPU
		Release|Any CPU = Release|Any CPU
	EndGlobalSection
	GlobalSection(ProjectConfigurationPlatforms) = postSolution
		{8E1AAE24-FA7F-4EE8-8230-E049A5D9367F}.Debug|Any CPU.ActiveCfg = Debug|Any CPU
		{8E1AAE24-FA7F-4EE8-8230-E049A5D9367F}.Debug|Any CPU.Build.0 = Debug|Any CPU
		{8E1AAE24-FA7F-4EE8-8230-E049A5D9367F}.Release|Any CPU.ActiveCfg = Release|Any CPU
		{8E1AAE24-FA7F-4EE8-8230-E049A5D9367F}.Release|Any CPU.Build.0 = Release|Any CPU
	EndGlobalSection
	GlobalSection(SolutionProperties) = preSolution
		HideSolutionNode = FALSE
	EndGlobalSection
	GlobalSection(ExtensibilityGlobals) = postSolution
		SolutionGuid = {8338BBFC-622A-4682-BB95-6C592F0F68FD}
	EndGlobalSection
EndGlobal
