
Microsoft Visual Studio Solution File, Format Version 12.00
# Visual Studio Version 17
VisualStudioVersion = 17.4.33122.133
MinimumVisualStudioVersion = 10.0.40219.1
Project("{FAE04EC0-301F-11D3-BF4B-00C04F79EFBC}") = "MemoryModelApp", "MemoryModelApp\MemoryModelApp.csproj", "{8E7B3B19-7240-4803-A315-339336A07378}"
EndProject
Global
	GlobalSection(SolutionConfigurationPlatforms) = preSolution
		Debug|Any CPU = Debug|Any CPU
		Release|Any CPU = Release|Any CPU
	EndGlobalSection
	GlobalSection(ProjectConfigurationPlatforms) = postSolution
		{8E7B3B19-7240-4803-A315-339336A07378}.Debug|Any CPU.ActiveCfg = Debug|Any CPU
		{8E7B3B19-7240-4803-A315-339336A07378}.Debug|Any CPU.Build.0 = Debug|Any CPU
		{8E7B3B19-7240-4803-A315-339336A07378}.Release|Any CPU.ActiveCfg = Release|Any CPU
		{8E7B3B19-7240-4803-A315-339336A07378}.Release|Any CPU.Build.0 = Release|Any CPU
	EndGlobalSection
	GlobalSection(SolutionProperties) = preSolution
		HideSolutionNode = FALSE
	EndGlobalSection
	GlobalSection(ExtensibilityGlobals) = postSolution
		SolutionGuid = {1903BDA9-9BF8-4080-95B1-FB490193B822}
	EndGlobalSection
EndGlobal
