
Microsoft Visual Studio Solution File, Format Version 12.00
# Visual Studio Version 17
VisualStudioVersion = 17.4.33122.133
MinimumVisualStudioVersion = 10.0.40219.1
Project("{FAE04EC0-301F-11D3-BF4B-00C04F79EFBC}") = "OperatorsApp", "OperatorsApp\OperatorsApp.csproj", "{8E691857-93BA-45A3-A016-20271F8DB03E}"
EndProject
Global
	GlobalSection(SolutionConfigurationPlatforms) = preSolution
		Debug|Any CPU = Debug|Any CPU
		Release|Any CPU = Release|Any CPU
	EndGlobalSection
	GlobalSection(ProjectConfigurationPlatforms) = postSolution
		{8E691857-93BA-45A3-A016-20271F8DB03E}.Debug|Any CPU.ActiveCfg = Debug|Any CPU
		{8E691857-93BA-45A3-A016-20271F8DB03E}.Debug|Any CPU.Build.0 = Debug|Any CPU
		{8E691857-93BA-45A3-A016-20271F8DB03E}.Release|Any CPU.ActiveCfg = Release|Any CPU
		{8E691857-93BA-45A3-A016-20271F8DB03E}.Release|Any CPU.Build.0 = Release|Any CPU
	EndGlobalSection
	GlobalSection(SolutionProperties) = preSolution
		HideSolutionNode = FALSE
	EndGlobalSection
	GlobalSection(ExtensibilityGlobals) = postSolution
		SolutionGuid = {ADA62D28-2DB9-4019-8629-E9B0DFFA50DF}
	EndGlobalSection
EndGlobal
