
Microsoft Visual Studio Solution File, Format Version 12.00
# Visual Studio Version 17
VisualStudioVersion = 17.4.33205.214
MinimumVisualStudioVersion = 10.0.40219.1
Project("{FAE04EC0-301F-11D3-BF4B-00C04F79EFBC}") = "CalculatorBDD_Demo", "CalculatorBDD_Demo\CalculatorBDD_Demo.csproj", "{6E0AD4ED-E8F2-4BD7-86D5-ACD3C34E8CD1}"
EndProject
Global
	GlobalSection(SolutionConfigurationPlatforms) = preSolution
		Debug|Any CPU = Debug|Any CPU
		Release|Any CPU = Release|Any CPU
	EndGlobalSection
	GlobalSection(ProjectConfigurationPlatforms) = postSolution
		{6E0AD4ED-E8F2-4BD7-86D5-ACD3C34E8CD1}.Debug|Any CPU.ActiveCfg = Debug|Any CPU
		{6E0AD4ED-E8F2-4BD7-86D5-ACD3C34E8CD1}.Debug|Any CPU.Build.0 = Debug|Any CPU
		{6E0AD4ED-E8F2-4BD7-86D5-ACD3C34E8CD1}.Release|Any CPU.ActiveCfg = Release|Any CPU
		{6E0AD4ED-E8F2-4BD7-86D5-ACD3C34E8CD1}.Release|Any CPU.Build.0 = Release|Any CPU
	EndGlobalSection
	GlobalSection(SolutionProperties) = preSolution
		HideSolutionNode = FALSE
	EndGlobalSection
	GlobalSection(ExtensibilityGlobals) = postSolution
		SolutionGuid = {E323DD2C-F41D-499B-B773-D3B08D91D54D}
	EndGlobalSection
EndGlobal
