
Microsoft Visual Studio Solution File, Format Version 12.00
# Visual Studio Version 17
VisualStudioVersion = 17.4.33205.214
MinimumVisualStudioVersion = 10.0.40219.1
Project("{FAE04EC0-301F-11D3-BF4B-00C04F79EFBC}") = "SL_POM_Framework", "SL_POM_Framework\SL_POM_Framework.csproj", "{5075DF49-EDAD-4E4A-8151-87CB44FDD53D}"
EndProject
Global
	GlobalSection(SolutionConfigurationPlatforms) = preSolution
		Debug|Any CPU = Debug|Any CPU
		Release|Any CPU = Release|Any CPU
	EndGlobalSection
	GlobalSection(ProjectConfigurationPlatforms) = postSolution
		{5075DF49-EDAD-4E4A-8151-87CB44FDD53D}.Debug|Any CPU.ActiveCfg = Debug|Any CPU
		{5075DF49-EDAD-4E4A-8151-87CB44FDD53D}.Debug|Any CPU.Build.0 = Debug|Any CPU
		{5075DF49-EDAD-4E4A-8151-87CB44FDD53D}.Release|Any CPU.ActiveCfg = Release|Any CPU
		{5075DF49-EDAD-4E4A-8151-87CB44FDD53D}.Release|Any CPU.Build.0 = Release|Any CPU
	EndGlobalSection
	GlobalSection(SolutionProperties) = preSolution
		HideSolutionNode = FALSE
	EndGlobalSection
	GlobalSection(ExtensibilityGlobals) = postSolution
		SolutionGuid = {1493D10B-A174-4A60-BD9D-81EDAFA11FF1}
	EndGlobalSection
EndGlobal
