
Microsoft Visual Studio Solution File, Format Version 12.00
# Visual Studio Version 17
VisualStudioVersion = 17.4.33205.214
MinimumVisualStudioVersion = 10.0.40219.1
Project("{FAE04EC0-301F-11D3-BF4B-00C04F79EFBC}") = "PolymorphicShootout", "PolymorphicShootout\PolymorphicShootout.csproj", "{B1823696-9658-42F7-BCC3-96C4BDB53151}"
EndProject
Global
	GlobalSection(SolutionConfigurationPlatforms) = preSolution
		Debug|Any CPU = Debug|Any CPU
		Release|Any CPU = Release|Any CPU
	EndGlobalSection
	GlobalSection(ProjectConfigurationPlatforms) = postSolution
		{B1823696-9658-42F7-BCC3-96C4BDB53151}.Debug|Any CPU.ActiveCfg = Debug|Any CPU
		{B1823696-9658-42F7-BCC3-96C4BDB53151}.Debug|Any CPU.Build.0 = Debug|Any CPU
		{B1823696-9658-42F7-BCC3-96C4BDB53151}.Release|Any CPU.ActiveCfg = Release|Any CPU
		{B1823696-9658-42F7-BCC3-96C4BDB53151}.Release|Any CPU.Build.0 = Release|Any CPU
	EndGlobalSection
	GlobalSection(SolutionProperties) = preSolution
		HideSolutionNode = FALSE
	EndGlobalSection
	GlobalSection(ExtensibilityGlobals) = postSolution
		SolutionGuid = {14A7E6E0-E4DC-4A92-AEB8-D8514D6A9EF3}
	EndGlobalSection
EndGlobal
